
Microsoft Visual Studio Solution File, Format Version 12.00
# Visual Studio 14
VisualStudioVersion = 14.0.25420.1
MinimumVisualStudioVersion = 10.0.40219.1
Project("{FAE04EC0-301F-11D3-BF4B-00C04F79EFBC}") = "Compresor1", "Compresor1\Compresor1.csproj", "{57D54D0A-721C-4157-A01F-9EB67FD8562E}"
EndProject
Project("{FAE04EC0-301F-11D3-BF4B-00C04F79EFBC}") = "Laboratorio1EstructuraDatos2", "Laboratorio1EstructuraDatos2\Laboratorio1EstructuraDatos2.csproj", "{CA63E7D1-C1AE-44E8-8E9A-A56ED740DC5D}"
EndProject
Global
	GlobalSection(SolutionConfigurationPlatforms) = preSolution
		Debug|Any CPU = Debug|Any CPU
		Release|Any CPU = Release|Any CPU
	EndGlobalSection
	GlobalSection(ProjectConfigurationPlatforms) = postSolution
		{57D54D0A-721C-4157-A01F-9EB67FD8562E}.Debug|Any CPU.ActiveCfg = Debug|Any CPU
		{57D54D0A-721C-4157-A01F-9EB67FD8562E}.Debug|Any CPU.Build.0 = Debug|Any CPU
		{57D54D0A-721C-4157-A01F-9EB67FD8562E}.Release|Any CPU.ActiveCfg = Release|Any CPU
		{57D54D0A-721C-4157-A01F-9EB67FD8562E}.Release|Any CPU.Build.0 = Release|Any CPU
		{CA63E7D1-C1AE-44E8-8E9A-A56ED740DC5D}.Debug|Any CPU.ActiveCfg = Debug|Any CPU
		{CA63E7D1-C1AE-44E8-8E9A-A56ED740DC5D}.Debug|Any CPU.Build.0 = Debug|Any CPU
		{CA63E7D1-C1AE-44E8-8E9A-A56ED740DC5D}.Release|Any CPU.ActiveCfg = Release|Any CPU
		{CA63E7D1-C1AE-44E8-8E9A-A56ED740DC5D}.Release|Any CPU.Build.0 = Release|Any CPU
	EndGlobalSection
	GlobalSection(SolutionProperties) = preSolution
		HideSolutionNode = FALSE
	EndGlobalSection
EndGlobal
